
Microsoft Visual Studio Solution File, Format Version 12.00
# Visual Studio 15
VisualStudioVersion = 15.0.28307.102
MinimumVisualStudioVersion = 10.0.40219.1
Project("{FAE04EC0-301F-11D3-BF4B-00C04F79EFBC}") = "Acme.BL", "CustomCRM-Pluralsight\Acme.BL.csproj", "{0EBD6304-1931-4671-A848-2BD3ADC92CD8}"
EndProject
Project("{2150E333-8FDC-42A3-9474-1A3956D46DE8}") = "Tests", "Tests", "{74360814-C0D7-468C-8E22-1ABF4B95FA40}"
EndProject
Project("{FAE04EC0-301F-11D3-BF4B-00C04F79EFBC}") = "AcmeTest", "Acme.CSMTest\AcmeTest.csproj", "{E9C80288-6362-476C-A227-55A30DC3CCFC}"
EndProject
Project("{2150E333-8FDC-42A3-9474-1A3956D46DE8}") = "Application", "Application", "{8D6B2102-DD59-42BD-A4A0-D50B60B5C713}"
EndProject
Project("{FAE04EC0-301F-11D3-BF4B-00C04F79EFBC}") = "Acme.Common", "Acme.Common\Acme.Common.csproj", "{2E133E1B-BFE4-421B-9E22-C7787AEBB6B3}"
EndProject
Global
	GlobalSection(SolutionConfigurationPlatforms) = preSolution
		Debug|Any CPU = Debug|Any CPU
		Release|Any CPU = Release|Any CPU
	EndGlobalSection
	GlobalSection(ProjectConfigurationPlatforms) = postSolution
		{0EBD6304-1931-4671-A848-2BD3ADC92CD8}.Debug|Any CPU.ActiveCfg = Debug|Any CPU
		{0EBD6304-1931-4671-A848-2BD3ADC92CD8}.Debug|Any CPU.Build.0 = Debug|Any CPU
		{0EBD6304-1931-4671-A848-2BD3ADC92CD8}.Release|Any CPU.ActiveCfg = Release|Any CPU
		{0EBD6304-1931-4671-A848-2BD3ADC92CD8}.Release|Any CPU.Build.0 = Release|Any CPU
		{E9C80288-6362-476C-A227-55A30DC3CCFC}.Debug|Any CPU.ActiveCfg = Debug|Any CPU
		{E9C80288-6362-476C-A227-55A30DC3CCFC}.Debug|Any CPU.Build.0 = Debug|Any CPU
		{E9C80288-6362-476C-A227-55A30DC3CCFC}.Release|Any CPU.ActiveCfg = Release|Any CPU
		{E9C80288-6362-476C-A227-55A30DC3CCFC}.Release|Any CPU.Build.0 = Release|Any CPU
		{2E133E1B-BFE4-421B-9E22-C7787AEBB6B3}.Debug|Any CPU.ActiveCfg = Debug|Any CPU
		{2E133E1B-BFE4-421B-9E22-C7787AEBB6B3}.Debug|Any CPU.Build.0 = Debug|Any CPU
		{2E133E1B-BFE4-421B-9E22-C7787AEBB6B3}.Release|Any CPU.ActiveCfg = Release|Any CPU
		{2E133E1B-BFE4-421B-9E22-C7787AEBB6B3}.Release|Any CPU.Build.0 = Release|Any CPU
	EndGlobalSection
	GlobalSection(SolutionProperties) = preSolution
		HideSolutionNode = FALSE
	EndGlobalSection
	GlobalSection(NestedProjects) = preSolution
		{0EBD6304-1931-4671-A848-2BD3ADC92CD8} = {8D6B2102-DD59-42BD-A4A0-D50B60B5C713}
		{E9C80288-6362-476C-A227-55A30DC3CCFC} = {74360814-C0D7-468C-8E22-1ABF4B95FA40}
		{2E133E1B-BFE4-421B-9E22-C7787AEBB6B3} = {8D6B2102-DD59-42BD-A4A0-D50B60B5C713}
	EndGlobalSection
	GlobalSection(ExtensibilityGlobals) = postSolution
		SolutionGuid = {62E7D4FF-C925-44BF-89CA-7EFB04B3EC99}
	EndGlobalSection
EndGlobal
